
Microsoft Visual Studio Solution File, Format Version 12.00
# Visual Studio 15
VisualStudioVersion = 15.0.28307.1082
MinimumVisualStudioVersion = 10.0.40219.1
Project("{159641D6-6404-4A2A-AE62-294DE0FE8301}") = "Team_28_M2_D2_ETL_Project", "Team_28_M2_D2_ETL_Project\Team_28_M2_D2_ETL_Project.dtproj", "{1EB44574-C938-4C3F-96D3-ADEC49A054B2}"
EndProject
Global
	GlobalSection(SolutionConfigurationPlatforms) = preSolution
		Development|Default = Development|Default
	EndGlobalSection
	GlobalSection(ProjectConfigurationPlatforms) = postSolution
		{1EB44574-C938-4C3F-96D3-ADEC49A054B2}.Development|Default.ActiveCfg = Development
		{1EB44574-C938-4C3F-96D3-ADEC49A054B2}.Development|Default.Build.0 = Development
	EndGlobalSection
	GlobalSection(SolutionProperties) = preSolution
		HideSolutionNode = FALSE
	EndGlobalSection
	GlobalSection(ExtensibilityGlobals) = postSolution
		SolutionGuid = {47318B72-2E4D-46FA-9FB8-674EFE3F87EB}
	EndGlobalSection
EndGlobal
